{
  "name": "t",
  "version": "1.0.0",
  "lockfileVersion": 1,
  "requires": true,
  "dependencies": {
    "@types/blueimp-md5": {
      "version": "2.7.0",
      "resolved": "https://registry.npm.taobao.org/@types/blueimp-md5/download/@types/blueimp-md5-2.7.0.tgz",
      "integrity": "sha1-QEIigGgAR4yieC6K1GWQq6fxRic="
    },
    "@types/node": {
      "version": "12.12.22",
      "resolved": "https://registry.npm.taobao.org/@types/node/download/@types/node-12.12.22.tgz?cache=0&sync_timestamp=1577380234433&other_urls=https%3A%2F%2Fregistry.npm.taobao.org%2F%40types%2Fnode%2Fdownload%2F%40types%2Fnode-12.12.22.tgz",
      "integrity": "sha1-uNnq4zKLlpEKNzzwasjTxavpwgA="
    },
    "blueimp-md5": {
      "version": "2.12.0",
      "resolved": "https://registry.npm.taobao.org/blueimp-md5/download/blueimp-md5-2.12.0.tgz",
      "integrity": "sha1-vnNnk4qInew/+7cROGF8EX6cEwo="
    },
    "commander": {
      "version": "4.0.1",
      "resolved": "https://registry.npm.taobao.org/commander/download/commander-4.0.1.tgz?cache=0&sync_timestamp=1573464028535&other_urls=https%3A%2F%2Fregistry.npm.taobao.org%2Fcommander%2Fdownload%2Fcommander-4.0.1.tgz",
      "integrity": "sha1-tnYicheFmTGC6Af0iDYz5kAbpTw="
    },
    "translation.js": {
      "version": "0.7.12",
      "resolved": "https://registry.npm.taobao.org/translation.js/download/translation.js-0.7.12.tgz",
      "integrity": "sha1-WsYelk/LeHx1DH1PyteY/VCQ0F4=",
      "requires": {
        "@types/blueimp-md5": "^2.7.0",
        "@types/node": "^12.7.12",
        "blueimp-md5": "^2.10.0",
        "tslib": "^1.9.3"
      }
    },
    "tslib": {
      "version": "1.10.0",
      "resolved": "https://registry.npm.taobao.org/tslib/download/tslib-1.10.0.tgz",
      "integrity": "sha1-w8GflZc/sKYpc/sJ2Q2WHuQ+XIo="
    }
  }
}
